Microsoft Visual Studio Solution File, Format Version 12.00
# Visual Studio Version 17
VisualStudioVersion = 17.13.35931.197
MinimumVisualStudioVersion = 16.0.0.0
Project("{2150E333-8FDC-42A3-9474-1A3956D46DE8}") = "src", "src", "{02EA681E-C7D8-13C7-8484-4AC65E1B71E8}"
EndProject
Project("{2150E333-8FDC-42A3-9474-1A3956D46DE8}") = "Core", "Core", "{6DB7FAF5-DBDC-4ABF-B9D5-EE3082E045E4}"
EndProject
Project("{FAE04EC0-301F-11D3-BF4B-00C04F79EFBC}") = "BlazorFurniture.Domain", "src\Core\BlazorFurniture.Domain\BlazorFurniture.Domain.csproj", "{CE9B3DA2-6908-4957-86EA-6FE22D83AE4F}"
EndProject
Project("{FAE04EC0-301F-11D3-BF4B-00C04F79EFBC}") = "BlazorFurniture.Application", "src\Core\BlazorFurniture.Application\BlazorFurniture.Application.csproj", "{AE4CA8ED-70DA-49CB-88C5-E72775B78AF0}"
EndProject
Project("{FAE04EC0-301F-11D3-BF4B-00C04F79EFBC}") = "BlazorFurniture.Infrastructure", "src\Infrastructure\BlazorFurniture.Infrastructure\BlazorFurniture.Infrastructure.csproj", "{62CA13CC-F578-412B-82C5-57F6A6244122}"
EndProject
Project("{2150E333-8FDC-42A3-9474-1A3956D46DE8}") = "Infrastructure", "Infrastructure", "{5F246A01-0145-429B-AB52-06686A0400A2}"
EndProject
Project("{FAE04EC0-301F-11D3-BF4B-00C04F79EFBC}") = "BlazorFurniture.Persistence", "src\Infrastructure\BlazorFurniture.Persistence\BlazorFurniture.Persistence.csproj", "{6B526BE4-23A0-4E09-8938-FC1B5B6F3A63}"
EndProject
Project("{2150E333-8FDC-42A3-9474-1A3956D46DE8}") = "Presentation", "Presentation", "{67B58E82-2DF7-499F-AD34-7F5E0BFD7A3C}"
EndProject
Project("{FAE04EC0-301F-11D3-BF4B-00C04F79EFBC}") = "BlazorFurniture", "src\Presentation\BlazorFurniture\BlazorFurniture.csproj", "{63907D36-D53B-84F1-F97E-DF7385994646}"
EndProject
Project("{FAE04EC0-301F-11D3-BF4B-00C04F79EFBC}") = "BlazorFurniture.Client", "src\Presentation\BlazorFurniture.Client\BlazorFurniture.Client.csproj", "{3B44EE72-17F0-A881-78A2-7CA930C2DEDB}"
EndProject
Project("{FAE04EC0-301F-11D3-BF4B-00C04F79EFBC}") = "BlazorFurniture.Shared", "src\Presentation\BlazorFurniture.Shared\BlazorFurniture.Shared.csproj", "{BB86DE6F-474E-ADDE-2D8A-6EDAC8B4CCC4}"
EndProject
Project("{2150E333-8FDC-42A3-9474-1A3956D46DE8}") = "tests", "tests", "{EC6CDE8E-57E7-435F-A4D1-E8EB30350F43}"
EndProject
Project("{FAE04EC0-301F-11D3-BF4B-00C04F79EFBC}") = "BlazorFurniture.UnitTests", "tests\BlazorFurniture.UnitTests\BlazorFurniture.UnitTests.csproj", "{7C0758AD-7299-4757-AA57-FEA4CB4565B6}"
EndProject
Project("{FAE04EC0-301F-11D3-BF4B-00C04F79EFBC}") = "BlazorFurniture.IntegrationTests", "tests\BlazorFurniture.IntegrationTests\BlazorFurniture.IntegrationTests.csproj", "{5D888D6C-6DCD-4584-B0A6-D362289DE1D5}"
EndProject
Project("{FAE04EC0-301F-11D3-BF4B-00C04F79EFBC}") = "BlazorFurniture.AppHost", "Aspire\BlazorFurniture.AppHost\BlazorFurniture.AppHost.csproj", "{DEF5EC14-D89C-4DF7-BADE-9FACD49B9348}"
EndProject
Project("{FAE04EC0-301F-11D3-BF4B-00C04F79EFBC}") = "BlazorFurniture.ServiceDefaults", "Aspire\BlazorFurniture.ServiceDefaults\BlazorFurniture.ServiceDefaults.csproj", "{EF3BDF98-B638-3C11-25FE-B870F6C9A3C5}"
EndProject
Project("{2150E333-8FDC-42A3-9474-1A3956D46DE8}") = "aspire", "aspire", "{D7B5A9CF-2591-4016-92ED-6772335D3106}"
EndProject
Project("{2150E333-8FDC-42A3-9474-1A3956D46DE8}") = "Solution Items", "Solution Items", "{8E797605-950B-4B7D-9225-2ADE6F8F4904}"
	ProjectSection(SolutionItems) = preProject
		.editorconfig = .editorconfig
		Directory.Packages.props = Directory.Packages.props
	EndProjectSection
EndProject
Global
	GlobalSection(SolutionConfigurationPlatforms) = preSolution
		Debug|Any CPU = Debug|Any CPU
		Debug|x64 = Debug|x64
		Debug|x86 = Debug|x86
		Release|Any CPU = Release|Any CPU
		Release|x64 = Release|x64
		Release|x86 = Release|x86
	EndGlobalSection
	GlobalSection(ProjectConfigurationPlatforms) = postSolution
		{CE9B3DA2-6908-4957-86EA-6FE22D83AE4F}.Debug|Any CPU.ActiveCfg = Debug|Any CPU
		{CE9B3DA2-6908-4957-86EA-6FE22D83AE4F}.Debug|Any CPU.Build.0 = Debug|Any CPU
		{CE9B3DA2-6908-4957-86EA-6FE22D83AE4F}.Debug|x64.ActiveCfg = Debug|Any CPU
		{CE9B3DA2-6908-4957-86EA-6FE22D83AE4F}.Debug|x64.Build.0 = Debug|Any CPU
		{CE9B3DA2-6908-4957-86EA-6FE22D83AE4F}.Debug|x86.ActiveCfg = Debug|Any CPU
		{CE9B3DA2-6908-4957-86EA-6FE22D83AE4F}.Debug|x86.Build.0 = Debug|Any CPU
		{CE9B3DA2-6908-4957-86EA-6FE22D83AE4F}.Release|Any CPU.ActiveCfg = Release|Any CPU
		{CE9B3DA2-6908-4957-86EA-6FE22D83AE4F}.Release|Any CPU.Build.0 = Release|Any CPU
		{CE9B3DA2-6908-4957-86EA-6FE22D83AE4F}.Release|x64.ActiveCfg = Release|Any CPU
		{CE9B3DA2-6908-4957-86EA-6FE22D83AE4F}.Release|x64.Build.0 = Release|Any CPU
		{CE9B3DA2-6908-4957-86EA-6FE22D83AE4F}.Release|x86.ActiveCfg = Release|Any CPU
		{CE9B3DA2-6908-4957-86EA-6FE22D83AE4F}.Release|x86.Build.0 = Release|Any CPU
		{AE4CA8ED-70DA-49CB-88C5-E72775B78AF0}.Debug|Any CPU.ActiveCfg = Debug|Any CPU
		{AE4CA8ED-70DA-49CB-88C5-E72775B78AF0}.Debug|Any CPU.Build.0 = Debug|Any CPU
		{AE4CA8ED-70DA-49CB-88C5-E72775B78AF0}.Debug|x64.ActiveCfg = Debug|Any CPU
		{AE4CA8ED-70DA-49CB-88C5-E72775B78AF0}.Debug|x64.Build.0 = Debug|Any CPU
		{AE4CA8ED-70DA-49CB-88C5-E72775B78AF0}.Debug|x86.ActiveCfg = Debug|Any CPU
		{AE4CA8ED-70DA-49CB-88C5-E72775B78AF0}.Debug|x86.Build.0 = Debug|Any CPU
		{AE4CA8ED-70DA-49CB-88C5-E72775B78AF0}.Release|Any CPU.ActiveCfg = Release|Any CPU
		{AE4CA8ED-70DA-49CB-88C5-E72775B78AF0}.Release|Any CPU.Build.0 = Release|Any CPU
		{AE4CA8ED-70DA-49CB-88C5-E72775B78AF0}.Release|x64.ActiveCfg = Release|Any CPU
		{AE4CA8ED-70DA-49CB-88C5-E72775B78AF0}.Release|x64.Build.0 = Release|Any CPU
		{AE4CA8ED-70DA-49CB-88C5-E72775B78AF0}.Release|x86.ActiveCfg = Release|Any CPU
		{AE4CA8ED-70DA-49CB-88C5-E72775B78AF0}.Release|x86.Build.0 = Release|Any CPU
		{62CA13CC-F578-412B-82C5-57F6A6244122}.Debug|Any CPU.ActiveCfg = Debug|Any CPU
		{62CA13CC-F578-412B-82C5-57F6A6244122}.Debug|Any CPU.Build.0 = Debug|Any CPU
		{62CA13CC-F578-412B-82C5-57F6A6244122}.Debug|x64.ActiveCfg = Debug|Any CPU
		{62CA13CC-F578-412B-82C5-57F6A6244122}.Debug|x64.Build.0 = Debug|Any CPU
		{62CA13CC-F578-412B-82C5-57F6A6244122}.Debug|x86.ActiveCfg = Debug|Any CPU
		{62CA13CC-F578-412B-82C5-57F6A6244122}.Debug|x86.Build.0 = Debug|Any CPU
		{62CA13CC-F578-412B-82C5-57F6A6244122}.Release|Any CPU.ActiveCfg = Release|Any CPU
		{62CA13CC-F578-412B-82C5-57F6A6244122}.Release|Any CPU.Build.0 = Release|Any CPU
		{62CA13CC-F578-412B-82C5-57F6A6244122}.Release|x64.ActiveCfg = Release|Any CPU
		{62CA13CC-F578-412B-82C5-57F6A6244122}.Release|x64.Build.0 = Release|Any CPU
		{62CA13CC-F578-412B-82C5-57F6A6244122}.Release|x86.ActiveCfg = Release|Any CPU
		{62CA13CC-F578-412B-82C5-57F6A6244122}.Release|x86.Build.0 = Release|Any CPU
		{6B526BE4-23A0-4E09-8938-FC1B5B6F3A63}.Debug|Any CPU.ActiveCfg = Debug|Any CPU
		{6B526BE4-23A0-4E09-8938-FC1B5B6F3A63}.Debug|Any CPU.Build.0 = Debug|Any CPU
		{6B526BE4-23A0-4E09-8938-FC1B5B6F3A63}.Debug|x64.ActiveCfg = Debug|Any CPU
		{6B526BE4-23A0-4E09-8938-FC1B5B6F3A63}.Debug|x64.Build.0 = Debug|Any CPU
		{6B526BE4-23A0-4E09-8938-FC1B5B6F3A63}.Debug|x86.ActiveCfg = Debug|Any CPU
		{6B526BE4-23A0-4E09-8938-FC1B5B6F3A63}.Debug|x86.Build.0 = Debug|Any CPU
		{6B526BE4-23A0-4E09-8938-FC1B5B6F3A63}.Release|Any CPU.ActiveCfg = Release|Any CPU
		{6B526BE4-23A0-4E09-8938-FC1B5B6F3A63}.Release|Any CPU.Build.0 = Release|Any CPU
		{6B526BE4-23A0-4E09-8938-FC1B5B6F3A63}.Release|x64.ActiveCfg = Release|Any CPU
		{6B526BE4-23A0-4E09-8938-FC1B5B6F3A63}.Release|x64.Build.0 = Release|Any CPU
		{6B526BE4-23A0-4E09-8938-FC1B5B6F3A63}.Release|x86.ActiveCfg = Release|Any CPU
		{6B526BE4-23A0-4E09-8938-FC1B5B6F3A63}.Release|x86.Build.0 = Release|Any CPU
		{63907D36-D53B-84F1-F97E-DF7385994646}.Debug|Any CPU.ActiveCfg = Debug|Any CPU
		{63907D36-D53B-84F1-F97E-DF7385994646}.Debug|Any CPU.Build.0 = Debug|Any CPU
		{63907D36-D53B-84F1-F97E-DF7385994646}.Debug|x64.ActiveCfg = Debug|Any CPU
		{63907D36-D53B-84F1-F97E-DF7385994646}.Debug|x64.Build.0 = Debug|Any CPU
		{63907D36-D53B-84F1-F97E-DF7385994646}.Debug|x86.ActiveCfg = Debug|Any CPU
		{63907D36-D53B-84F1-F97E-DF7385994646}.Debug|x86.Build.0 = Debug|Any CPU
		{63907D36-D53B-84F1-F97E-DF7385994646}.Release|Any CPU.ActiveCfg = Release|Any CPU
		{63907D36-D53B-84F1-F97E-DF7385994646}.Release|Any CPU.Build.0 = Release|Any CPU
		{63907D36-D53B-84F1-F97E-DF7385994646}.Release|x64.ActiveCfg = Release|Any CPU
		{63907D36-D53B-84F1-F97E-DF7385994646}.Release|x64.Build.0 = Release|Any CPU
		{63907D36-D53B-84F1-F97E-DF7385994646}.Release|x86.ActiveCfg = Release|Any CPU
		{63907D36-D53B-84F1-F97E-DF7385994646}.Release|x86.Build.0 = Release|Any CPU
		{3B44EE72-17F0-A881-78A2-7CA930C2DEDB}.Debug|Any CPU.ActiveCfg = Debug|Any CPU
		{3B44EE72-17F0-A881-78A2-7CA930C2DEDB}.Debug|Any CPU.Build.0 = Debug|Any CPU
		{3B44EE72-17F0-A881-78A2-7CA930C2DEDB}.Debug|x64.ActiveCfg = Debug|Any CPU
		{3B44EE72-17F0-A881-78A2-7CA930C2DEDB}.Debug|x64.Build.0 = Debug|Any CPU
		{3B44EE72-17F0-A881-78A2-7CA930C2DEDB}.Debug|x86.ActiveCfg = Debug|Any CPU
		{3B44EE72-17F0-A881-78A2-7CA930C2DEDB}.Debug|x86.Build.0 = Debug|Any CPU
		{3B44EE72-17F0-A881-78A2-7CA930C2DEDB}.Release|Any CPU.ActiveCfg = Release|Any CPU
		{3B44EE72-17F0-A881-78A2-7CA930C2DEDB}.Release|Any CPU.Build.0 = Release|Any CPU
		{3B44EE72-17F0-A881-78A2-7CA930C2DEDB}.Release|x64.ActiveCfg = Release|Any CPU
		{3B44EE72-17F0-A881-78A2-7CA930C2DEDB}.Release|x64.Build.0 = Release|Any CPU
		{3B44EE72-17F0-A881-78A2-7CA930C2DEDB}.Release|x86.ActiveCfg = Release|Any CPU
		{3B44EE72-17F0-A881-78A2-7CA930C2DEDB}.Release|x86.Build.0 = Release|Any CPU
		{BB86DE6F-474E-ADDE-2D8A-6EDAC8B4CCC4}.Debug|Any CPU.ActiveCfg = Debug|Any CPU
		{BB86DE6F-474E-ADDE-2D8A-6EDAC8B4CCC4}.Debug|Any CPU.Build.0 = Debug|Any CPU
		{BB86DE6F-474E-ADDE-2D8A-6EDAC8B4CCC4}.Debug|x64.ActiveCfg = Debug|Any CPU
		{BB86DE6F-474E-ADDE-2D8A-6EDAC8B4CCC4}.Debug|x64.Build.0 = Debug|Any CPU
		{BB86DE6F-474E-ADDE-2D8A-6EDAC8B4CCC4}.Debug|x86.ActiveCfg = Debug|Any CPU
		{BB86DE6F-474E-ADDE-2D8A-6EDAC8B4CCC4}.Debug|x86.Build.0 = Debug|Any CPU
		{BB86DE6F-474E-ADDE-2D8A-6EDAC8B4CCC4}.Release|Any CPU.ActiveCfg = Release|Any CPU
		{BB86DE6F-474E-ADDE-2D8A-6EDAC8B4CCC4}.Release|Any CPU.Build.0 = Release|Any CPU
		{BB86DE6F-474E-ADDE-2D8A-6EDAC8B4CCC4}.Release|x64.ActiveCfg = Release|Any CPU
		{BB86DE6F-474E-ADDE-2D8A-6EDAC8B4CCC4}.Release|x64.Build.0 = Release|Any CPU
		{BB86DE6F-474E-ADDE-2D8A-6EDAC8B4CCC4}.Release|x86.ActiveCfg = Release|Any CPU
		{BB86DE6F-474E-ADDE-2D8A-6EDAC8B4CCC4}.Release|x86.Build.0 = Release|Any CPU
		{7C0758AD-7299-4757-AA57-FEA4CB4565B6}.Debug|Any CPU.ActiveCfg = Debug|Any CPU
		{7C0758AD-7299-4757-AA57-FEA4CB4565B6}.Debug|Any CPU.Build.0 = Debug|Any CPU
		{7C0758AD-7299-4757-AA57-FEA4CB4565B6}.Debug|x64.ActiveCfg = Debug|Any CPU
		{7C0758AD-7299-4757-AA57-FEA4CB4565B6}.Debug|x64.Build.0 = Debug|Any CPU
		{7C0758AD-7299-4757-AA57-FEA4CB4565B6}.Debug|x86.ActiveCfg = Debug|Any CPU
		{7C0758AD-7299-4757-AA57-FEA4CB4565B6}.Debug|x86.Build.0 = Debug|Any CPU
		{7C0758AD-7299-4757-AA57-FEA4CB4565B6}.Release|Any CPU.ActiveCfg = Release|Any CPU
		{7C0758AD-7299-4757-AA57-FEA4CB4565B6}.Release|Any CPU.Build.0 = Release|Any CPU
		{7C0758AD-7299-4757-AA57-FEA4CB4565B6}.Release|x64.ActiveCfg = Release|Any CPU
		{7C0758AD-7299-4757-AA57-FEA4CB4565B6}.Release|x64.Build.0 = Release|Any CPU
		{7C0758AD-7299-4757-AA57-FEA4CB4565B6}.Release|x86.ActiveCfg = Release|Any CPU
		{7C0758AD-7299-4757-AA57-FEA4CB4565B6}.Release|x86.Build.0 = Release|Any CPU
		{5D888D6C-6DCD-4584-B0A6-D362289DE1D5}.Debug|Any CPU.ActiveCfg = Debug|Any CPU
		{5D888D6C-6DCD-4584-B0A6-D362289DE1D5}.Debug|Any CPU.Build.0 = Debug|Any CPU
		{5D888D6C-6DCD-4584-B0A6-D362289DE1D5}.Debug|x64.ActiveCfg = Debug|Any CPU
		{5D888D6C-6DCD-4584-B0A6-D362289DE1D5}.Debug|x64.Build.0 = Debug|Any CPU
		{5D888D6C-6DCD-4584-B0A6-D362289DE1D5}.Debug|x86.ActiveCfg = Debug|Any CPU
		{5D888D6C-6DCD-4584-B0A6-D362289DE1D5}.Debug|x86.Build.0 = Debug|Any CPU
		{5D888D6C-6DCD-4584-B0A6-D362289DE1D5}.Release|Any CPU.ActiveCfg = Release|Any CPU
		{5D888D6C-6DCD-4584-B0A6-D362289DE1D5}.Release|Any CPU.Build.0 = Release|Any CPU
		{5D888D6C-6DCD-4584-B0A6-D362289DE1D5}.Release|x64.ActiveCfg = Release|Any CPU
		{5D888D6C-6DCD-4584-B0A6-D362289DE1D5}.Release|x64.Build.0 = Release|Any CPU
		{5D888D6C-6DCD-4584-B0A6-D362289DE1D5}.Release|x86.ActiveCfg = Release|Any CPU
		{5D888D6C-6DCD-4584-B0A6-D362289DE1D5}.Release|x86.Build.0 = Release|Any CPU
		{DEF5EC14-D89C-4DF7-BADE-9FACD49B9348}.Debug|Any CPU.ActiveCfg = Debug|Any CPU
		{DEF5EC14-D89C-4DF7-BADE-9FACD49B9348}.Debug|Any CPU.Build.0 = Debug|Any CPU
		{DEF5EC14-D89C-4DF7-BADE-9FACD49B9348}.Debug|x64.ActiveCfg = Debug|Any CPU
		{DEF5EC14-D89C-4DF7-BADE-9FACD49B9348}.Debug|x64.Build.0 = Debug|Any CPU
		{DEF5EC14-D89C-4DF7-BADE-9FACD49B9348}.Debug|x86.ActiveCfg = Debug|Any CPU
		{DEF5EC14-D89C-4DF7-BADE-9FACD49B9348}.Debug|x86.Build.0 = Debug|Any CPU
		{DEF5EC14-D89C-4DF7-BADE-9FACD49B9348}.Release|Any CPU.ActiveCfg = Release|Any CPU
		{DEF5EC14-D89C-4DF7-BADE-9FACD49B9348}.Release|Any CPU.Build.0 = Release|Any CPU
		{DEF5EC14-D89C-4DF7-BADE-9FACD49B9348}.Release|x64.ActiveCfg = Release|Any CPU
		{DEF5EC14-D89C-4DF7-BADE-9FACD49B9348}.Release|x64.Build.0 = Release|Any CPU
		{DEF5EC14-D89C-4DF7-BADE-9FACD49B9348}.Release|x86.ActiveCfg = Release|Any CPU
		{DEF5EC14-D89C-4DF7-BADE-9FACD49B9348}.Release|x86.Build.0 = Release|Any CPU
		{EF3BDF98-B638-3C11-25FE-B870F6C9A3C5}.Debug|Any CPU.ActiveCfg = Debug|Any CPU
		{EF3BDF98-B638-3C11-25FE-B870F6C9A3C5}.Debug|Any CPU.Build.0 = Debug|Any CPU
		{EF3BDF98-B638-3C11-25FE-B870F6C9A3C5}.Debug|x64.ActiveCfg = Debug|Any CPU
		{EF3BDF98-B638-3C11-25FE-B870F6C9A3C5}.Debug|x64.Build.0 = Debug|Any CPU
		{EF3BDF98-B638-3C11-25FE-B870F6C9A3C5}.Debug|x86.ActiveCfg = Debug|Any CPU
		{EF3BDF98-B638-3C11-25FE-B870F6C9A3C5}.Debug|x86.Build.0 = Debug|Any CPU
		{EF3BDF98-B638-3C11-25FE-B870F6C9A3C5}.Release|Any CPU.ActiveCfg = Release|Any CPU
		{EF3BDF98-B638-3C11-25FE-B870F6C9A3C5}.Release|Any CPU.Build.0 = Release|Any CPU
		{EF3BDF98-B638-3C11-25FE-B870F6C9A3C5}.Release|x64.ActiveCfg = Release|Any CPU
		{EF3BDF98-B638-3C11-25FE-B870F6C9A3C5}.Release|x64.Build.0 = Release|Any CPU
		{EF3BDF98-B638-3C11-25FE-B870F6C9A3C5}.Release|x86.ActiveCfg = Release|Any CPU
		{EF3BDF98-B638-3C11-25FE-B870F6C9A3C5}.Release|x86.Build.0 = Release|Any CPU
	EndGlobalSection
	GlobalSection(SolutionProperties) = preSolution
		HideSolutionNode = FALSE
	EndGlobalSection
	GlobalSection(NestedProjects) = preSolution
		{6DB7FAF5-DBDC-4ABF-B9D5-EE3082E045E4} = {02EA681E-C7D8-13C7-8484-4AC65E1B71E8}
		{CE9B3DA2-6908-4957-86EA-6FE22D83AE4F} = {6DB7FAF5-DBDC-4ABF-B9D5-EE3082E045E4}
		{AE4CA8ED-70DA-49CB-88C5-E72775B78AF0} = {6DB7FAF5-DBDC-4ABF-B9D5-EE3082E045E4}
		{62CA13CC-F578-412B-82C5-57F6A6244122} = {5F246A01-0145-429B-AB52-06686A0400A2}
		{5F246A01-0145-429B-AB52-06686A0400A2} = {02EA681E-C7D8-13C7-8484-4AC65E1B71E8}
		{6B526BE4-23A0-4E09-8938-FC1B5B6F3A63} = {5F246A01-0145-429B-AB52-06686A0400A2}
		{67B58E82-2DF7-499F-AD34-7F5E0BFD7A3C} = {02EA681E-C7D8-13C7-8484-4AC65E1B71E8}
		{63907D36-D53B-84F1-F97E-DF7385994646} = {67B58E82-2DF7-499F-AD34-7F5E0BFD7A3C}
		{3B44EE72-17F0-A881-78A2-7CA930C2DEDB} = {67B58E82-2DF7-499F-AD34-7F5E0BFD7A3C}
		{BB86DE6F-474E-ADDE-2D8A-6EDAC8B4CCC4} = {67B58E82-2DF7-499F-AD34-7F5E0BFD7A3C}
		{7C0758AD-7299-4757-AA57-FEA4CB4565B6} = {EC6CDE8E-57E7-435F-A4D1-E8EB30350F43}
		{5D888D6C-6DCD-4584-B0A6-D362289DE1D5} = {EC6CDE8E-57E7-435F-A4D1-E8EB30350F43}
		{DEF5EC14-D89C-4DF7-BADE-9FACD49B9348} = {D7B5A9CF-2591-4016-92ED-6772335D3106}
		{EF3BDF98-B638-3C11-25FE-B870F6C9A3C5} = {D7B5A9CF-2591-4016-92ED-6772335D3106}
	EndGlobalSection
	GlobalSection(ExtensibilityGlobals) = postSolution
		SolutionGuid = {6E2E717D-D280-4801-AB25-80B6398CDD1F}
	EndGlobalSection
EndGlobal
